
Microsoft Visual Studio Solution File, Format Version 12.00
# Visual Studio 2013
VisualStudioVersion = 12.0.21005.1
MinimumVisualStudioVersion = 10.0.40219.1
Project("{FAE04EC0-301F-11D3-BF4B-00C04F79EFBC}") = "HR.DTO", "HR.DTO\HR.DTO.csproj", "{0C4CBDE3-0256-42EE-A167-8CC62970B2DB}"
EndProject
Project("{FAE04EC0-301F-11D3-BF4B-00C04F79EFBC}") = "HR.DAL", "HR.DAL\HR.DAL.csproj", "{C58F7473-1359-4DE2-954C-76836DA7985B}"
EndProject
Project("{FAE04EC0-301F-11D3-BF4B-00C04F79EFBC}") = "HR.BLL", "HR.BLL\HR.BLL.csproj", "{5AFBF3CC-68B0-43F3-B554-160C110CC006}"
EndProject
Project("{FAE04EC0-301F-11D3-BF4B-00C04F79EFBC}") = "HR.UI", "HR.UI\HR.UI.csproj", "{6CFCAAD5-4363-439D-8B51-26F25F08CA63}"
EndProject
Project("{FAE04EC0-301F-11D3-BF4B-00C04F79EFBC}") = "HR.UnitTest", "HR.UnitTest\HR.UnitTest.csproj", "{AAEF0FA0-BF98-427A-AEF0-85D301054C5D}"
EndProject
Global
	GlobalSection(SolutionConfigurationPlatforms) = preSolution
		Debug|Any CPU = Debug|Any CPU
		Release|Any CPU = Release|Any CPU
	EndGlobalSection
	GlobalSection(ProjectConfigurationPlatforms) = postSolution
		{0C4CBDE3-0256-42EE-A167-8CC62970B2DB}.Debug|Any CPU.ActiveCfg = Debug|Any CPU
		{0C4CBDE3-0256-42EE-A167-8CC62970B2DB}.Debug|Any CPU.Build.0 = Debug|Any CPU
		{0C4CBDE3-0256-42EE-A167-8CC62970B2DB}.Release|Any CPU.ActiveCfg = Release|Any CPU
		{0C4CBDE3-0256-42EE-A167-8CC62970B2DB}.Release|Any CPU.Build.0 = Release|Any CPU
		{C58F7473-1359-4DE2-954C-76836DA7985B}.Debug|Any CPU.ActiveCfg = Debug|Any CPU
		{C58F7473-1359-4DE2-954C-76836DA7985B}.Debug|Any CPU.Build.0 = Debug|Any CPU
		{C58F7473-1359-4DE2-954C-76836DA7985B}.Release|Any CPU.ActiveCfg = Release|Any CPU
		{C58F7473-1359-4DE2-954C-76836DA7985B}.Release|Any CPU.Build.0 = Release|Any CPU
		{5AFBF3CC-68B0-43F3-B554-160C110CC006}.Debug|Any CPU.ActiveCfg = Debug|Any CPU
		{5AFBF3CC-68B0-43F3-B554-160C110CC006}.Debug|Any CPU.Build.0 = Debug|Any CPU
		{5AFBF3CC-68B0-43F3-B554-160C110CC006}.Release|Any CPU.ActiveCfg = Release|Any CPU
		{5AFBF3CC-68B0-43F3-B554-160C110CC006}.Release|Any CPU.Build.0 = Release|Any CPU
		{6CFCAAD5-4363-439D-8B51-26F25F08CA63}.Debug|Any CPU.ActiveCfg = Debug|Any CPU
		{6CFCAAD5-4363-439D-8B51-26F25F08CA63}.Debug|Any CPU.Build.0 = Debug|Any CPU
		{6CFCAAD5-4363-439D-8B51-26F25F08CA63}.Release|Any CPU.ActiveCfg = Release|Any CPU
		{6CFCAAD5-4363-439D-8B51-26F25F08CA63}.Release|Any CPU.Build.0 = Release|Any CPU
		{AAEF0FA0-BF98-427A-AEF0-85D301054C5D}.Debug|Any CPU.ActiveCfg = Debug|Any CPU
		{AAEF0FA0-BF98-427A-AEF0-85D301054C5D}.Debug|Any CPU.Build.0 = Debug|Any CPU
		{AAEF0FA0-BF98-427A-AEF0-85D301054C5D}.Release|Any CPU.ActiveCfg = Release|Any CPU
		{AAEF0FA0-BF98-427A-AEF0-85D301054C5D}.Release|Any CPU.Build.0 = Release|Any CPU
	EndGlobalSection
	GlobalSection(SolutionProperties) = preSolution
		HideSolutionNode = FALSE
	EndGlobalSection
EndGlobal
